
Microsoft Visual Studio Solution File, Format Version 12.00
# Visual Studio Version 17
VisualStudioVersion = 17.7.34221.43
MinimumVisualStudioVersion = 10.0.40219.1
Project("{C9674DCB-5085-4A16-B785-4C70DD1589BD}") = "proyReservas", "proyReservas\proyReservas.dtproj", "{8FA11742-67C5-4926-AEAD-3BC80618E63D}"
EndProject
Global
	GlobalSection(SolutionConfigurationPlatforms) = preSolution
		Development|Default = Development|Default
	EndGlobalSection
	GlobalSection(ProjectConfigurationPlatforms) = postSolution
		{8FA11742-67C5-4926-AEAD-3BC80618E63D}.Development|Default.ActiveCfg = Development
		{8FA11742-67C5-4926-AEAD-3BC80618E63D}.Development|Default.Build.0 = Development
	EndGlobalSection
	GlobalSection(SolutionProperties) = preSolution
		HideSolutionNode = FALSE
	EndGlobalSection
	GlobalSection(ExtensibilityGlobals) = postSolution
		SolutionGuid = {A643F45B-1C9C-48B5-A7F6-0661CD42E4DC}
	EndGlobalSection
EndGlobal
